
Microsoft Visual Studio Solution File, Format Version 12.00
# Visual Studio Version 16
VisualStudioVersion = 16.0.30114.105
MinimumVisualStudioVersion = 10.0.40219.1
Project("{FAE04EC0-301F-11D3-BF4B-00C04F79EFBC}") = "Cachy", "Cachy\Cachy.csproj", "{A6345DA2-00F9-4A39-B496-70A20CB25B55}"
EndProject
Project("{FAE04EC0-301F-11D3-BF4B-00C04F79EFBC}") = "Communication", "Communication\Communication.csproj", "{46AA80D2-23E5-4896-AE64-45DD6E255297}"
EndProject
Project("{FAE04EC0-301F-11D3-BF4B-00C04F79EFBC}") = "CommunicationIntegration", "CommunicationIntegration\CommunicationIntegration.csproj", "{6F966B10-B7C3-4268-8936-690F21C18732}"
EndProject
Project("{FAE04EC0-301F-11D3-BF4B-00C04F79EFBC}") = "Common", "Common\Common.csproj", "{C05C0C4A-8B7F-47B3-9714-81795AE24704}"
EndProject
Project("{FAE04EC0-301F-11D3-BF4B-00C04F79EFBC}") = "Dispatcher", "Dispatcher\Dispatcher.csproj", "{CEEBDA17-F3DC-4493-BBFA-7ECF2F375714}"
EndProject
Project("{FAE04EC0-301F-11D3-BF4B-00C04F79EFBC}") = "Storage", "Storage\Storage.csproj", "{5B25AA5F-B70B-4D57-9D5C-6B9E06003687}"
EndProject
Project("{FAE04EC0-301F-11D3-BF4B-00C04F79EFBC}") = "Common.Tests", "Common.Tests\Common.Tests.csproj", "{2757D0A8-1AFA-499A-98CE-F83AE9F8E09F}"
EndProject
Project("{FAE04EC0-301F-11D3-BF4B-00C04F79EFBC}") = "Validation", "Validation\Validation.csproj", "{7EF759BD-C3B0-4FE7-A814-FCD154D540CD}"
EndProject
Project("{FAE04EC0-301F-11D3-BF4B-00C04F79EFBC}") = "CachyClient", "CachyClient\CachyClient.csproj", "{3E8A8692-1205-40E1-A7B8-493370192620}"
EndProject
Project("{FAE04EC0-301F-11D3-BF4B-00C04F79EFBC}") = "Demo", "Demo\Demo.csproj", "{512F15D4-03A8-42E4-BAE1-B44732BFBB47}"
EndProject
Global
	GlobalSection(SolutionConfigurationPlatforms) = preSolution
		Debug|Any CPU = Debug|Any CPU
		Debug|x64 = Debug|x64
		Debug|x86 = Debug|x86
		Release|Any CPU = Release|Any CPU
		Release|x64 = Release|x64
		Release|x86 = Release|x86
	EndGlobalSection
	GlobalSection(SolutionProperties) = preSolution
		HideSolutionNode = FALSE
	EndGlobalSection
	GlobalSection(ProjectConfigurationPlatforms) = postSolution
		{A6345DA2-00F9-4A39-B496-70A20CB25B55}.Debug|Any CPU.ActiveCfg = Debug|Any CPU
		{A6345DA2-00F9-4A39-B496-70A20CB25B55}.Debug|Any CPU.Build.0 = Debug|Any CPU
		{A6345DA2-00F9-4A39-B496-70A20CB25B55}.Debug|x64.ActiveCfg = Debug|Any CPU
		{A6345DA2-00F9-4A39-B496-70A20CB25B55}.Debug|x64.Build.0 = Debug|Any CPU
		{A6345DA2-00F9-4A39-B496-70A20CB25B55}.Debug|x86.ActiveCfg = Debug|Any CPU
		{A6345DA2-00F9-4A39-B496-70A20CB25B55}.Debug|x86.Build.0 = Debug|Any CPU
		{A6345DA2-00F9-4A39-B496-70A20CB25B55}.Release|Any CPU.ActiveCfg = Release|Any CPU
		{A6345DA2-00F9-4A39-B496-70A20CB25B55}.Release|Any CPU.Build.0 = Release|Any CPU
		{A6345DA2-00F9-4A39-B496-70A20CB25B55}.Release|x64.ActiveCfg = Release|Any CPU
		{A6345DA2-00F9-4A39-B496-70A20CB25B55}.Release|x64.Build.0 = Release|Any CPU
		{A6345DA2-00F9-4A39-B496-70A20CB25B55}.Release|x86.ActiveCfg = Release|Any CPU
		{A6345DA2-00F9-4A39-B496-70A20CB25B55}.Release|x86.Build.0 = Release|Any CPU
		{46AA80D2-23E5-4896-AE64-45DD6E255297}.Debug|Any CPU.ActiveCfg = Debug|Any CPU
		{46AA80D2-23E5-4896-AE64-45DD6E255297}.Debug|Any CPU.Build.0 = Debug|Any CPU
		{46AA80D2-23E5-4896-AE64-45DD6E255297}.Debug|x64.ActiveCfg = Debug|Any CPU
		{46AA80D2-23E5-4896-AE64-45DD6E255297}.Debug|x64.Build.0 = Debug|Any CPU
		{46AA80D2-23E5-4896-AE64-45DD6E255297}.Debug|x86.ActiveCfg = Debug|Any CPU
		{46AA80D2-23E5-4896-AE64-45DD6E255297}.Debug|x86.Build.0 = Debug|Any CPU
		{46AA80D2-23E5-4896-AE64-45DD6E255297}.Release|Any CPU.ActiveCfg = Release|Any CPU
		{46AA80D2-23E5-4896-AE64-45DD6E255297}.Release|Any CPU.Build.0 = Release|Any CPU
		{46AA80D2-23E5-4896-AE64-45DD6E255297}.Release|x64.ActiveCfg = Release|Any CPU
		{46AA80D2-23E5-4896-AE64-45DD6E255297}.Release|x64.Build.0 = Release|Any CPU
		{46AA80D2-23E5-4896-AE64-45DD6E255297}.Release|x86.ActiveCfg = Release|Any CPU
		{46AA80D2-23E5-4896-AE64-45DD6E255297}.Release|x86.Build.0 = Release|Any CPU
		{6F966B10-B7C3-4268-8936-690F21C18732}.Debug|Any CPU.ActiveCfg = Debug|Any CPU
		{6F966B10-B7C3-4268-8936-690F21C18732}.Debug|Any CPU.Build.0 = Debug|Any CPU
		{6F966B10-B7C3-4268-8936-690F21C18732}.Debug|x64.ActiveCfg = Debug|Any CPU
		{6F966B10-B7C3-4268-8936-690F21C18732}.Debug|x64.Build.0 = Debug|Any CPU
		{6F966B10-B7C3-4268-8936-690F21C18732}.Debug|x86.ActiveCfg = Debug|Any CPU
		{6F966B10-B7C3-4268-8936-690F21C18732}.Debug|x86.Build.0 = Debug|Any CPU
		{6F966B10-B7C3-4268-8936-690F21C18732}.Release|Any CPU.ActiveCfg = Release|Any CPU
		{6F966B10-B7C3-4268-8936-690F21C18732}.Release|Any CPU.Build.0 = Release|Any CPU
		{6F966B10-B7C3-4268-8936-690F21C18732}.Release|x64.ActiveCfg = Release|Any CPU
		{6F966B10-B7C3-4268-8936-690F21C18732}.Release|x64.Build.0 = Release|Any CPU
		{6F966B10-B7C3-4268-8936-690F21C18732}.Release|x86.ActiveCfg = Release|Any CPU
		{6F966B10-B7C3-4268-8936-690F21C18732}.Release|x86.Build.0 = Release|Any CPU
		{C05C0C4A-8B7F-47B3-9714-81795AE24704}.Debug|Any CPU.ActiveCfg = Debug|Any CPU
		{C05C0C4A-8B7F-47B3-9714-81795AE24704}.Debug|Any CPU.Build.0 = Debug|Any CPU
		{C05C0C4A-8B7F-47B3-9714-81795AE24704}.Debug|x64.ActiveCfg = Debug|Any CPU
		{C05C0C4A-8B7F-47B3-9714-81795AE24704}.Debug|x64.Build.0 = Debug|Any CPU
		{C05C0C4A-8B7F-47B3-9714-81795AE24704}.Debug|x86.ActiveCfg = Debug|Any CPU
		{C05C0C4A-8B7F-47B3-9714-81795AE24704}.Debug|x86.Build.0 = Debug|Any CPU
		{C05C0C4A-8B7F-47B3-9714-81795AE24704}.Release|Any CPU.ActiveCfg = Release|Any CPU
		{C05C0C4A-8B7F-47B3-9714-81795AE24704}.Release|Any CPU.Build.0 = Release|Any CPU
		{C05C0C4A-8B7F-47B3-9714-81795AE24704}.Release|x64.ActiveCfg = Release|Any CPU
		{C05C0C4A-8B7F-47B3-9714-81795AE24704}.Release|x64.Build.0 = Release|Any CPU
		{C05C0C4A-8B7F-47B3-9714-81795AE24704}.Release|x86.ActiveCfg = Release|Any CPU
		{C05C0C4A-8B7F-47B3-9714-81795AE24704}.Release|x86.Build.0 = Release|Any CPU
		{CEEBDA17-F3DC-4493-BBFA-7ECF2F375714}.Debug|Any CPU.ActiveCfg = Debug|Any CPU
		{CEEBDA17-F3DC-4493-BBFA-7ECF2F375714}.Debug|Any CPU.Build.0 = Debug|Any CPU
		{CEEBDA17-F3DC-4493-BBFA-7ECF2F375714}.Debug|x64.ActiveCfg = Debug|Any CPU
		{CEEBDA17-F3DC-4493-BBFA-7ECF2F375714}.Debug|x64.Build.0 = Debug|Any CPU
		{CEEBDA17-F3DC-4493-BBFA-7ECF2F375714}.Debug|x86.ActiveCfg = Debug|Any CPU
		{CEEBDA17-F3DC-4493-BBFA-7ECF2F375714}.Debug|x86.Build.0 = Debug|Any CPU
		{CEEBDA17-F3DC-4493-BBFA-7ECF2F375714}.Release|Any CPU.ActiveCfg = Release|Any CPU
		{CEEBDA17-F3DC-4493-BBFA-7ECF2F375714}.Release|Any CPU.Build.0 = Release|Any CPU
		{CEEBDA17-F3DC-4493-BBFA-7ECF2F375714}.Release|x64.ActiveCfg = Release|Any CPU
		{CEEBDA17-F3DC-4493-BBFA-7ECF2F375714}.Release|x64.Build.0 = Release|Any CPU
		{CEEBDA17-F3DC-4493-BBFA-7ECF2F375714}.Release|x86.ActiveCfg = Release|Any CPU
		{CEEBDA17-F3DC-4493-BBFA-7ECF2F375714}.Release|x86.Build.0 = Release|Any CPU
		{5B25AA5F-B70B-4D57-9D5C-6B9E06003687}.Debug|Any CPU.ActiveCfg = Debug|Any CPU
		{5B25AA5F-B70B-4D57-9D5C-6B9E06003687}.Debug|Any CPU.Build.0 = Debug|Any CPU
		{5B25AA5F-B70B-4D57-9D5C-6B9E06003687}.Debug|x64.ActiveCfg = Debug|Any CPU
		{5B25AA5F-B70B-4D57-9D5C-6B9E06003687}.Debug|x64.Build.0 = Debug|Any CPU
		{5B25AA5F-B70B-4D57-9D5C-6B9E06003687}.Debug|x86.ActiveCfg = Debug|Any CPU
		{5B25AA5F-B70B-4D57-9D5C-6B9E06003687}.Debug|x86.Build.0 = Debug|Any CPU
		{5B25AA5F-B70B-4D57-9D5C-6B9E06003687}.Release|Any CPU.ActiveCfg = Release|Any CPU
		{5B25AA5F-B70B-4D57-9D5C-6B9E06003687}.Release|Any CPU.Build.0 = Release|Any CPU
		{5B25AA5F-B70B-4D57-9D5C-6B9E06003687}.Release|x64.ActiveCfg = Release|Any CPU
		{5B25AA5F-B70B-4D57-9D5C-6B9E06003687}.Release|x64.Build.0 = Release|Any CPU
		{5B25AA5F-B70B-4D57-9D5C-6B9E06003687}.Release|x86.ActiveCfg = Release|Any CPU
		{5B25AA5F-B70B-4D57-9D5C-6B9E06003687}.Release|x86.Build.0 = Release|Any CPU
		{2757D0A8-1AFA-499A-98CE-F83AE9F8E09F}.Debug|Any CPU.ActiveCfg = Debug|Any CPU
		{2757D0A8-1AFA-499A-98CE-F83AE9F8E09F}.Debug|Any CPU.Build.0 = Debug|Any CPU
		{2757D0A8-1AFA-499A-98CE-F83AE9F8E09F}.Debug|x64.ActiveCfg = Debug|Any CPU
		{2757D0A8-1AFA-499A-98CE-F83AE9F8E09F}.Debug|x64.Build.0 = Debug|Any CPU
		{2757D0A8-1AFA-499A-98CE-F83AE9F8E09F}.Debug|x86.ActiveCfg = Debug|Any CPU
		{2757D0A8-1AFA-499A-98CE-F83AE9F8E09F}.Debug|x86.Build.0 = Debug|Any CPU
		{2757D0A8-1AFA-499A-98CE-F83AE9F8E09F}.Release|Any CPU.ActiveCfg = Release|Any CPU
		{2757D0A8-1AFA-499A-98CE-F83AE9F8E09F}.Release|Any CPU.Build.0 = Release|Any CPU
		{2757D0A8-1AFA-499A-98CE-F83AE9F8E09F}.Release|x64.ActiveCfg = Release|Any CPU
		{2757D0A8-1AFA-499A-98CE-F83AE9F8E09F}.Release|x64.Build.0 = Release|Any CPU
		{2757D0A8-1AFA-499A-98CE-F83AE9F8E09F}.Release|x86.ActiveCfg = Release|Any CPU
		{2757D0A8-1AFA-499A-98CE-F83AE9F8E09F}.Release|x86.Build.0 = Release|Any CPU
		{7EF759BD-C3B0-4FE7-A814-FCD154D540CD}.Debug|Any CPU.ActiveCfg = Debug|Any CPU
		{7EF759BD-C3B0-4FE7-A814-FCD154D540CD}.Debug|Any CPU.Build.0 = Debug|Any CPU
		{7EF759BD-C3B0-4FE7-A814-FCD154D540CD}.Debug|x64.ActiveCfg = Debug|Any CPU
		{7EF759BD-C3B0-4FE7-A814-FCD154D540CD}.Debug|x64.Build.0 = Debug|Any CPU
		{7EF759BD-C3B0-4FE7-A814-FCD154D540CD}.Debug|x86.ActiveCfg = Debug|Any CPU
		{7EF759BD-C3B0-4FE7-A814-FCD154D540CD}.Debug|x86.Build.0 = Debug|Any CPU
		{7EF759BD-C3B0-4FE7-A814-FCD154D540CD}.Release|Any CPU.ActiveCfg = Release|Any CPU
		{7EF759BD-C3B0-4FE7-A814-FCD154D540CD}.Release|Any CPU.Build.0 = Release|Any CPU
		{7EF759BD-C3B0-4FE7-A814-FCD154D540CD}.Release|x64.ActiveCfg = Release|Any CPU
		{7EF759BD-C3B0-4FE7-A814-FCD154D540CD}.Release|x64.Build.0 = Release|Any CPU
		{7EF759BD-C3B0-4FE7-A814-FCD154D540CD}.Release|x86.ActiveCfg = Release|Any CPU
		{7EF759BD-C3B0-4FE7-A814-FCD154D540CD}.Release|x86.Build.0 = Release|Any CPU
		{3E8A8692-1205-40E1-A7B8-493370192620}.Debug|Any CPU.ActiveCfg = Debug|Any CPU
		{3E8A8692-1205-40E1-A7B8-493370192620}.Debug|Any CPU.Build.0 = Debug|Any CPU
		{3E8A8692-1205-40E1-A7B8-493370192620}.Debug|x64.ActiveCfg = Debug|Any CPU
		{3E8A8692-1205-40E1-A7B8-493370192620}.Debug|x64.Build.0 = Debug|Any CPU
		{3E8A8692-1205-40E1-A7B8-493370192620}.Debug|x86.ActiveCfg = Debug|Any CPU
		{3E8A8692-1205-40E1-A7B8-493370192620}.Debug|x86.Build.0 = Debug|Any CPU
		{3E8A8692-1205-40E1-A7B8-493370192620}.Release|Any CPU.ActiveCfg = Release|Any CPU
		{3E8A8692-1205-40E1-A7B8-493370192620}.Release|Any CPU.Build.0 = Release|Any CPU
		{3E8A8692-1205-40E1-A7B8-493370192620}.Release|x64.ActiveCfg = Release|Any CPU
		{3E8A8692-1205-40E1-A7B8-493370192620}.Release|x64.Build.0 = Release|Any CPU
		{3E8A8692-1205-40E1-A7B8-493370192620}.Release|x86.ActiveCfg = Release|Any CPU
		{3E8A8692-1205-40E1-A7B8-493370192620}.Release|x86.Build.0 = Release|Any CPU
		{512F15D4-03A8-42E4-BAE1-B44732BFBB47}.Debug|Any CPU.ActiveCfg = Debug|Any CPU
		{512F15D4-03A8-42E4-BAE1-B44732BFBB47}.Debug|Any CPU.Build.0 = Debug|Any CPU
		{512F15D4-03A8-42E4-BAE1-B44732BFBB47}.Debug|x64.ActiveCfg = Debug|Any CPU
		{512F15D4-03A8-42E4-BAE1-B44732BFBB47}.Debug|x64.Build.0 = Debug|Any CPU
		{512F15D4-03A8-42E4-BAE1-B44732BFBB47}.Debug|x86.ActiveCfg = Debug|Any CPU
		{512F15D4-03A8-42E4-BAE1-B44732BFBB47}.Debug|x86.Build.0 = Debug|Any CPU
		{512F15D4-03A8-42E4-BAE1-B44732BFBB47}.Release|Any CPU.ActiveCfg = Release|Any CPU
		{512F15D4-03A8-42E4-BAE1-B44732BFBB47}.Release|Any CPU.Build.0 = Release|Any CPU
		{512F15D4-03A8-42E4-BAE1-B44732BFBB47}.Release|x64.ActiveCfg = Release|Any CPU
		{512F15D4-03A8-42E4-BAE1-B44732BFBB47}.Release|x64.Build.0 = Release|Any CPU
		{512F15D4-03A8-42E4-BAE1-B44732BFBB47}.Release|x86.ActiveCfg = Release|Any CPU
		{512F15D4-03A8-42E4-BAE1-B44732BFBB47}.Release|x86.Build.0 = Release|Any CPU
	EndGlobalSection
EndGlobal
